
Microsoft Visual Studio Solution File, Format Version 12.00
# Visual Studio 14
VisualStudioVersion = 14.0.25420.1
MinimumVisualStudioVersion = 10.0.40219.1
Project("{00D1A9C2-B5F0-4AF3-8072-F6C62B433612}") = "WarSQLKit", "WarSQLKit\WarSQLKit.sqlproj", "{C6001C77-007A-4851-9371-61828D235C4E}"
EndProject
Project("{00D1A9C2-B5F0-4AF3-8072-F6C62B433612}") = "WarSQLKitMinimal", "WarSQLKitMinimal\WarSQLKitMinimal.sqlproj", "{B4E1BEE9-3454-4D2F-A6D7-E47FD5B602B8}"
EndProject
Global
	GlobalSection(SolutionConfigurationPlatforms) = preSolution
		Debug|Any CPU = Debug|Any CPU
		Debug|x64 = Debug|x64
		Release|Any CPU = Release|Any CPU
		Release|x64 = Release|x64
	EndGlobalSection
	GlobalSection(ProjectConfigurationPlatforms) = postSolution
		{C6001C77-007A-4851-9371-61828D235C4E}.Debug|Any CPU.ActiveCfg = Debug|Any CPU
		{C6001C77-007A-4851-9371-61828D235C4E}.Debug|Any CPU.Build.0 = Debug|Any CPU
		{C6001C77-007A-4851-9371-61828D235C4E}.Debug|Any CPU.Deploy.0 = Debug|Any CPU
		{C6001C77-007A-4851-9371-61828D235C4E}.Debug|x64.ActiveCfg = Debug|x64
		{C6001C77-007A-4851-9371-61828D235C4E}.Debug|x64.Build.0 = Debug|x64
		{C6001C77-007A-4851-9371-61828D235C4E}.Debug|x64.Deploy.0 = Debug|x64
		{C6001C77-007A-4851-9371-61828D235C4E}.Release|Any CPU.ActiveCfg = Release|Any CPU
		{C6001C77-007A-4851-9371-61828D235C4E}.Release|Any CPU.Build.0 = Release|Any CPU
		{C6001C77-007A-4851-9371-61828D235C4E}.Release|Any CPU.Deploy.0 = Release|Any CPU
		{C6001C77-007A-4851-9371-61828D235C4E}.Release|x64.ActiveCfg = Release|x64
		{C6001C77-007A-4851-9371-61828D235C4E}.Release|x64.Build.0 = Release|x64
		{C6001C77-007A-4851-9371-61828D235C4E}.Release|x64.Deploy.0 = Release|x64
		{B4E1BEE9-3454-4D2F-A6D7-E47FD5B602B8}.Debug|Any CPU.ActiveCfg = Debug|Any CPU
		{B4E1BEE9-3454-4D2F-A6D7-E47FD5B602B8}.Debug|Any CPU.Build.0 = Debug|Any CPU
		{B4E1BEE9-3454-4D2F-A6D7-E47FD5B602B8}.Debug|Any CPU.Deploy.0 = Debug|Any CPU
		{B4E1BEE9-3454-4D2F-A6D7-E47FD5B602B8}.Debug|x64.ActiveCfg = Debug|x64
		{B4E1BEE9-3454-4D2F-A6D7-E47FD5B602B8}.Debug|x64.Build.0 = Debug|x64
		{B4E1BEE9-3454-4D2F-A6D7-E47FD5B602B8}.Debug|x64.Deploy.0 = Debug|x64
		{B4E1BEE9-3454-4D2F-A6D7-E47FD5B602B8}.Release|Any CPU.ActiveCfg = Release|Any CPU
		{B4E1BEE9-3454-4D2F-A6D7-E47FD5B602B8}.Release|Any CPU.Build.0 = Release|Any CPU
		{B4E1BEE9-3454-4D2F-A6D7-E47FD5B602B8}.Release|Any CPU.Deploy.0 = Release|Any CPU
		{B4E1BEE9-3454-4D2F-A6D7-E47FD5B602B8}.Release|x64.ActiveCfg = Release|x64
		{B4E1BEE9-3454-4D2F-A6D7-E47FD5B602B8}.Release|x64.Build.0 = Release|x64
		{B4E1BEE9-3454-4D2F-A6D7-E47FD5B602B8}.Release|x64.Deploy.0 = Release|x64
	EndGlobalSection
	GlobalSection(SolutionProperties) = preSolution
		HideSolutionNode = FALSE
	EndGlobalSection
EndGlobal
